Microsoft Visual Studio Solution File, Format Version 12.00
# Visual Studio Version 17
VisualStudioVersion = 17.5.2.0
MinimumVisualStudioVersion = 10.0.40219.1
Project("{FAE04EC0-301F-11D3-BF4B-00C04F79EFBC}") = "ControlFichajesAPI", "ControlFichajesAPI.csproj", "{D639E3F0-6884-0022-B7E9-89F031A4BC0B}"
EndProject
Global
	GlobalSection(SolutionConfigurationPlatforms) = preSolution
		Debug|Any CPU = Debug|Any CPU
		Release|Any CPU = Release|Any CPU
	EndGlobalSection
	GlobalSection(ProjectConfigurationPlatforms) = postSolution
		{D639E3F0-6884-0022-B7E9-89F031A4BC0B}.Debug|Any CPU.ActiveCfg = Debug|Any CPU
		{D639E3F0-6884-0022-B7E9-89F031A4BC0B}.Debug|Any CPU.Build.0 = Debug|Any CPU
		{D639E3F0-6884-0022-B7E9-89F031A4BC0B}.Release|Any CPU.ActiveCfg = Release|Any CPU
		{D639E3F0-6884-0022-B7E9-89F031A4BC0B}.Release|Any CPU.Build.0 = Release|Any CPU
	EndGlobalSection
	GlobalSection(SolutionProperties) = preSolution
		HideSolutionNode = FALSE
	EndGlobalSection
	GlobalSection(ExtensibilityGlobals) = postSolution
		SolutionGuid = {5D75ED35-F150-406B-B2AF-778E9F543015}
	EndGlobalSection
EndGlobal
